// !$*UTF8*$!
{
	archiveVersion = 1;
	classes = {
	};
	objectVersion = 50;
	objects = {

/* Begin PBXBuildFile section */
		F50B9F43252D420700C7E424 /* FortuneView.swift in Sources */ = {isa = PBXBuildFile; fileRef = F50B9F42252D420700C7E424 /* FortuneView.swift */; };
		F50B9F44252D420700C7E424 /* FortuneView.swift in Sources */ = {isa = PBXBuildFile; fileRef = F50B9F42252D420700C7E424 /* FortuneView.swift */; };
		F51D63AD24AC555C0096B2C9 /* Tests_iOS.swift in Sources */ = {isa = PBXBuildFile; fileRef = F51D63AC24AC555C0096B2C9 /* Tests_iOS.swift */; };
		F51D63B824AC555C0096B2C9 /* Tests_macOS.swift in Sources */ = {isa = PBXBuildFile; fileRef = F51D63B724AC555C0096B2C9 /* Tests_macOS.swift */; };
		F51D63BA24AC555C0096B2C9 /* PunchTheClownApp.swift in Sources */ = {isa = PBXBuildFile; fileRef = F51D639124AC555B0096B2C9 /* PunchTheClownApp.swift */; };
		F51D63BB24AC555C0096B2C9 /* PunchTheClownApp.swift in Sources */ = {isa = PBXBuildFile; fileRef = F51D639124AC555B0096B2C9 /* PunchTheClownApp.swift */; };
		F51D63BC24AC555C0096B2C9 /* ContentView.swift in Sources */ = {isa = PBXBuildFile; fileRef = F51D639224AC555B0096B2C9 /* ContentView.swift */; };
		F51D63BD24AC555C0096B2C9 /* ContentView.swift in Sources */ = {isa = PBXBuildFile; fileRef = F51D639224AC555B0096B2C9 /* ContentView.swift */; };
		F51D63BE24AC555C0096B2C9 /* Assets.xcassets in Resources */ = {isa = PBXBuildFile; fileRef = F51D639324AC555C0096B2C9 /* Assets.xcassets */; };
		F51D63BF24AC555C0096B2C9 /* Assets.xcassets in Resources */ = {isa = PBXBuildFile; fileRef = F51D639324AC555C0096B2C9 /* Assets.xcassets */; };
		F51D63D324AC589E0096B2C9 /* punch.wav in Resources */ = {isa = PBXBuildFile; fileRef = F51D63D024AC589E0096B2C9 /* punch.wav */; };
		F51D63D424AC589E0096B2C9 /* punch2.wav in Resources */ = {isa = PBXBuildFile; fileRef = F51D63D124AC589E0096B2C9 /* punch2.wav */; };
		F51D63D524AC589E0096B2C9 /* punch1.wav in Resources */ = {isa = PBXBuildFile; fileRef = F51D63D224AC589E0096B2C9 /* punch1.wav */; };
		F51D63D924AC58B80096B2C9 /* groan2.wav in Resources */ = {isa = PBXBuildFile; fileRef = F51D63D624AC58B80096B2C9 /* groan2.wav */; };
		F51D63DA24AC58B80096B2C9 /* groan1.wav in Resources */ = {isa = PBXBuildFile; fileRef = F51D63D724AC58B80096B2C9 /* groan1.wav */; };
		F51D63DB24AC58B80096B2C9 /* circus.wav in Resources */ = {isa = PBXBuildFile; fileRef = F51D63D824AC58B80096B2C9 /* circus.wav */; };
		F531295424AD76960027FEE5 /* groan3.m4a in Resources */ = {isa = PBXBuildFile; fileRef = F531295324AD76960027FEE5 /* groan3.m4a */; };
		F531295724AD77590027FEE5 /* groan2.m4a in Resources */ = {isa = PBXBuildFile; fileRef = F531295524AD77590027FEE5 /* groan2.m4a */; };
		F531295824AD77590027FEE5 /* groan1.m4a in Resources */ = {isa = PBXBuildFile; fileRef = F531295624AD77590027FEE5 /* groan1.m4a */; };
		F531295A24AFB6E70027FEE5 /* Background.png in Resources */ = {isa = PBXBuildFile; fileRef = F531295924AFB6E70027FEE5 /* Background.png */; };
		F531295E24B2509B0027FEE5 /* launch2.png in Resources */ = {isa = PBXBuildFile; fileRef = F531295D24B2509B0027FEE5 /* launch2.png */; };
		F552F797253E371D0024089D /* FortuneTeller.swift in Sources */ = {isa = PBXBuildFile; fileRef = F552F796253E371D0024089D /* FortuneTeller.swift */; };
		F552F798253E371D0024089D /* FortuneTeller.swift in Sources */ = {isa = PBXBuildFile; fileRef = F552F796253E371D0024089D /* FortuneTeller.swift */; };
		F552F80C253E46D80024089D /* fortunes.plist in Resources */ = {isa = PBXBuildFile; fileRef = F552F80B253E46D80024089D /* fortunes.plist */; };
		F552F80D253E46D80024089D /* fortunes.plist in Resources */ = {isa = PBXBuildFile; fileRef = F552F80B253E46D80024089D /* fortunes.plist */; };
		F552F81725409F1F0024089D /* chimes.m4a in Resources */ = {isa = PBXBuildFile; fileRef = F552F81625409F1F0024089D /* chimes.m4a */; };
		F552F81825409F1F0024089D /* chimes.m4a in Resources */ = {isa = PBXBuildFile; fileRef = F552F81625409F1F0024089D /* chimes.m4a */; };
		F5DB028925BF5D7D005A4F3C /* SettingsView.swift in Sources */ = {isa = PBXBuildFile; fileRef = F5DB028825BF5D7D005A4F3C /* SettingsView.swift */; };
		F5DB028A25BF5D7D005A4F3C /* SettingsView.swift in Sources */ = {isa = PBXBuildFile; fileRef = F5DB028825BF5D7D005A4F3C /* SettingsView.swift */; };
		F5DB029125BF648F005A4F3C /* personalities.plist in Resources */ = {isa = PBXBuildFile; fileRef = F5DB029025BF648F005A4F3C /* personalities.plist */; };
		F5DB029225BF648F005A4F3C /* personalities.plist in Resources */ = {isa = PBXBuildFile; fileRef = F5DB029025BF648F005A4F3C /* personalities.plist */; };
		F5DB029C25BF7B4A005A4F3C /* StorageHelper.swift in Sources */ = {isa = PBXBuildFile; fileRef = F5DB029B25BF7B4A005A4F3C /* StorageHelper.swift */; };
		F5DB029D25BF7B4A005A4F3C /* StorageHelper.swift in Sources */ = {isa = PBXBuildFile; fileRef = F5DB029B25BF7B4A005A4F3C /* StorageHelper.swift */; };
		F5F17EF725BA59B100308573 /* ClownSoundPlayer.swift in Sources */ = {isa = PBXBuildFile; fileRef = F5F17EF625BA59B100308573 /* ClownSoundPlayer.swift */; };
		F5F17EF825BA59B100308573 /* ClownSoundPlayer.swift in Sources */ = {isa = PBXBuildFile; fileRef = F5F17EF625BA59B100308573 /* ClownSoundPlayer.swift */; };
		F5F17F0725BB792300308573 /* FortuneModel.swift in Sources */ = {isa = PBXBuildFile; fileRef = F5F17F0625BB792300308573 /* FortuneModel.swift */; };
		F5F17F0825BB792300308573 /* FortuneModel.swift in Sources */ = {isa = PBXBuildFile; fileRef = F5F17F0625BB792300308573 /* FortuneModel.swift */; };
		F5F17F0E25BF388600308573 /* PersonalityView.swift in Sources */ = {isa = PBXBuildFile; fileRef = F5F17F0D25BF388500308573 /* PersonalityView.swift */; };
		F5F17F0F25BF388600308573 /* PersonalityView.swift in Sources */ = {isa = PBXBuildFile; fileRef = F5F17F0D25BF388500308573 /* PersonalityView.swift */; };
		F5F17F1525BF404600308573 /* ActiveSheet.swift in Sources */ = {isa = PBXBuildFile; fileRef = F5F17F1425BF404600308573 /* ActiveSheet.swift */; };
		F5F17F1625BF404600308573 /* ActiveSheet.swift in Sources */ = {isa = PBXBuildFile; fileRef = F5F17F1425BF404600308573 /* ActiveSheet.swift */; };
		F5F17F1C25BF43C900308573 /* PersonalityJudge.swift in Sources */ = {isa = PBXBuildFile; fileRef = F5F17F1B25BF43C900308573 /* PersonalityJudge.swift */; };
		F5F17F1D25BF43C900308573 /* PersonalityJudge.swift in Sources */ = {isa = PBXBuildFile; fileRef = F5F17F1B25BF43C900308573 /* PersonalityJudge.swift */; };
		F5F17F3225BF4A4300308573 /* OPN.mlmodel in Sources */ = {isa = PBXBuildFile; fileRef = F5F17F2D25BF4A4300308573 /* OPN.mlmodel */; };
		F5F17F3325BF4A4300308573 /* EXT.mlmodel in Sources */ = {isa = PBXBuildFile; fileRef = F5F17F2E25BF4A4300308573 /* EXT.mlmodel */; };
		F5F17F3425BF4A4300308573 /* CON.mlmodel in Sources */ = {isa = PBXBuildFile; fileRef = F5F17F2F25BF4A4300308573 /* CON.mlmodel */; };
		F5F17F3525BF4A4300308573 /* NEU.mlmodel in Sources */ = {isa = PBXBuildFile; fileRef = F5F17F3025BF4A4300308573 /* NEU.mlmodel */; };
		F5F17F3625BF4A4300308573 /* AGR.mlmodel in Sources */ = {isa = PBXBuildFile; fileRef = F5F17F3125BF4A4300308573 /* AGR.mlmodel */; };
/* End PBXBuildFile section */

/* Begin PBXContainerItemProxy section */
		F51D63A924AC555C0096B2C9 /* PBXContainerItemProxy */ = {
			isa = PBXContainerItemProxy;
			containerPortal = F51D638C24AC555A0096B2C9 /* Project object */;
			proxyType = 1;
			remoteGlobalIDString = F51D639724AC555C0096B2C9;
			remoteInfo = iOS;
		};
		F51D63B424AC555C0096B2C9 /* PBXContainerItemProxy */ = {
			isa = PBXContainerItemProxy;
			containerPortal = F51D638C24AC555A0096B2C9 /* Project object */;
			proxyType = 1;
			remoteGlobalIDString = F51D639F24AC555C0096B2C9;
			remoteInfo = macOS;
		};
/* End PBXContainerItemProxy section */

/* Begin PBXFileReference section */
		F50B9F42252D420700C7E424 /* FortuneView.swift */ = {isa = PBXFileReference; lastKnownFileType = sourcecode.swift; path = FortuneView.swift; sourceTree = "<group>"; };
		F51D639124AC555B0096B2C9 /* PunchTheClownApp.swift */ = {isa = PBXFileReference; lastKnownFileType = sourcecode.swift; path = PunchTheClownApp.swift; sourceTree = "<group>"; };
		F51D639224AC555B0096B2C9 /* ContentView.swift */ = {isa = PBXFileReference; lastKnownFileType = sourcecode.swift; path = ContentView.swift; sourceTree = "<group>"; };
		F51D639324AC555C0096B2C9 /* Assets.xcassets */ = {isa = PBXFileReference; lastKnownFileType = folder.assetcatalog; path = Assets.xcassets; sourceTree = "<group>"; };
		F51D639824AC555C0096B2C9 /* PunchTheClown.app */ = {isa = PBXFileReference; explicitFileType = wrapper.application; includeInIndex = 0; path = PunchTheClown.app; sourceTree = BUILT_PRODUCTS_DIR; };
		F51D639B24AC555C0096B2C9 /* Info.plist */ = {isa = PBXFileReference; lastKnownFileType = text.plist.xml; path = Info.plist; sourceTree = "<group>"; };
		F51D63A024AC555C0096B2C9 /* PunchTheClown.app */ = {isa = PBXFileReference; explicitFileType = wrapper.application; includeInIndex = 0; path = PunchTheClown.app; sourceTree = BUILT_PRODUCTS_DIR; };
		F51D63A224AC555C0096B2C9 /* Info.plist */ = {isa = PBXFileReference; lastKnownFileType = text.plist.xml; path = Info.plist; sourceTree = "<group>"; };
		F51D63A324AC555C0096B2C9 /* macOS.entitlements */ = {isa = PBXFileReference; lastKnownFileType = text.plist.entitlements; path = macOS.entitlements; sourceTree = "<group>"; };
		F51D63A824AC555C0096B2C9 /* Tests iOS.xctest */ = {isa = PBXFileReference; explicitFileType = wrapper.cfbundle; includeInIndex = 0; path = "Tests iOS.xctest"; sourceTree = BUILT_PRODUCTS_DIR; };
		F51D63AC24AC555C0096B2C9 /* Tests_iOS.swift */ = {isa = PBXFileReference; lastKnownFileType = sourcecode.swift; path = Tests_iOS.swift; sourceTree = "<group>"; };
		F51D63AE24AC555C0096B2C9 /* Info.plist */ = {isa = PBXFileReference; lastKnownFileType = text.plist.xml; path = Info.plist; sourceTree = "<group>"; };
		F51D63B324AC555C0096B2C9 /* Tests macOS.xctest */ = {isa = PBXFileReference; explicitFileType = wrapper.cfbundle; includeInIndex = 0; path = "Tests macOS.xctest"; sourceTree = BUILT_PRODUCTS_DIR; };
		F51D63B724AC555C0096B2C9 /* Tests_macOS.swift */ = {isa = PBXFileReference; lastKnownFileType = sourcecode.swift; path = Tests_macOS.swift; sourceTree = "<group>"; };
		F51D63B924AC555C0096B2C9 /* Info.plist */ = {isa = PBXFileReference; lastKnownFileType = text.plist.xml; path = Info.plist; sourceTree = "<group>"; };
		F51D63D024AC589E0096B2C9 /* punch.wav */ = {isa = PBXFileReference; lastKnownFileType = audio.wav; path = punch.wav; sourceTree = "<group>"; };
		F51D63D124AC589E0096B2C9 /* punch2.wav */ = {isa = PBXFileReference; lastKnownFileType = audio.wav; path = punch2.wav; sourceTree = "<group>"; };
		F51D63D224AC589E0096B2C9 /* punch1.wav */ = {isa = PBXFileReference; lastKnownFileType = audio.wav; path = punch1.wav; sourceTree = "<group>"; };
		F51D63D624AC58B80096B2C9 /* groan2.wav */ = {isa = PBXFileReference; lastKnownFileType = audio.wav; path = groan2.wav; sourceTree = "<group>"; };
		F51D63D724AC58B80096B2C9 /* groan1.wav */ = {isa = PBXFileReference; lastKnownFileType = audio.wav; path = groan1.wav; sourceTree = "<group>"; };
		F51D63D824AC58B80096B2C9 /* circus.wav */ = {isa = PBXFileReference; lastKnownFileType = audio.wav; path = circus.wav; sourceTree = "<group>"; };
		F531295324AD76960027FEE5 /* groan3.m4a */ = {isa = PBXFileReference; lastKnownFileType = file; path = groan3.m4a; sourceTree = "<group>"; };
		F531295524AD77590027FEE5 /* groan2.m4a */ = {isa = PBXFileReference; lastKnownFileType = file; path = groan2.m4a; sourceTree = "<group>"; };
		F531295624AD77590027FEE5 /* groan1.m4a */ = {isa = PBXFileReference; lastKnownFileType = file; path = groan1.m4a; sourceTree = "<group>"; };
		F531295924AFB6E70027FEE5 /* Background.png */ = {isa = PBXFileReference; lastKnownFileType = image.png; path = Background.png; sourceTree = "<group>"; };
		F531295D24B2509B0027FEE5 /* launch2.png */ = {isa = PBXFileReference; lastKnownFileType = image.png; path = launch2.png; sourceTree = "<group>"; };
		F552F796253E371D0024089D /* FortuneTeller.swift */ = {isa = PBXFileReference; lastKnownFileType = sourcecode.swift; path = FortuneTeller.swift; sourceTree = "<group>"; };
		F552F80B253E46D80024089D /* fortunes.plist */ = {isa = PBXFileReference; fileEncoding = 4; lastKnownFileType = text.plist.xml; path = fortunes.plist; sourceTree = "<group>"; };
		F552F81625409F1F0024089D /* chimes.m4a */ = {isa = PBXFileReference; lastKnownFileType = file; path = chimes.m4a; sourceTree = "<group>"; };
		F5DB028825BF5D7D005A4F3C /* SettingsView.swift */ = {isa = PBXFileReference; lastKnownFileType = sourcecode.swift; path = SettingsView.swift; sourceTree = "<group>"; };
		F5DB029025BF648F005A4F3C /* personalities.plist */ = {isa = PBXFileReference; lastKnownFileType = text.plist.xml; path = personalities.plist; sourceTree = "<group>"; };
		F5DB029B25BF7B4A005A4F3C /* StorageHelper.swift */ = {isa = PBXFileReference; lastKnownFileType = sourcecode.swift; path = StorageHelper.swift; sourceTree = "<group>"; };
		F5F17EF625BA59B100308573 /* ClownSoundPlayer.swift */ = {isa = PBXFileReference; lastKnownFileType = sourcecode.swift; path = ClownSoundPlayer.swift; sourceTree = "<group>"; };
		F5F17F0625BB792300308573 /* FortuneModel.swift */ = {isa = PBXFileReference; lastKnownFileType = sourcecode.swift; path = FortuneModel.swift; sourceTree = "<group>"; };
		F5F17F0D25BF388500308573 /* PersonalityView.swift */ = {isa = PBXFileReference; lastKnownFileType = sourcecode.swift; path = PersonalityView.swift; sourceTree = "<group>"; };
		F5F17F1425BF404600308573 /* ActiveSheet.swift */ = {isa = PBXFileReference; lastKnownFileType = sourcecode.swift; path = ActiveSheet.swift; sourceTree = "<group>"; };
		F5F17F1B25BF43C900308573 /* PersonalityJudge.swift */ = {isa = PBXFileReference; lastKnownFileType = sourcecode.swift; path = PersonalityJudge.swift; sourceTree = "<group>"; };
		F5F17F2D25BF4A4300308573 /* OPN.mlmodel */ = {isa = PBXFileReference; lastKnownFileType = file.mlmodel; path = OPN.mlmodel; sourceTree = "<group>"; };
		F5F17F2E25BF4A4300308573 /* EXT.mlmodel */ = {isa = PBXFileReference; lastKnownFileType = file.mlmodel; path = EXT.mlmodel; sourceTree = "<group>"; };
		F5F17F2F25BF4A4300308573 /* CON.mlmodel */ = {isa = PBXFileReference; lastKnownFileType = file.mlmodel; path = CON.mlmodel; sourceTree = "<group>"; };
		F5F17F3025BF4A4300308573 /* NEU.mlmodel */ = {isa = PBXFileReference; lastKnownFileType = file.mlmodel; path = NEU.mlmodel; sourceTree = "<group>"; };
		F5F17F3125BF4A4300308573 /* AGR.mlmodel */ = {isa = PBXFileReference; lastKnownFileType = file.mlmodel; path = AGR.mlmodel; sourceTree = "<group>"; };
/* End PBXFileReference section */

/* Begin PBXFrameworksBuildPhase section */
		F51D639524AC555C0096B2C9 /* Frameworks */ = {
			isa = PBXFrameworksBuildPhase;
			buildActionMask = 2147483647;
			files = (
			);
			runOnlyForDeploymentPostprocessing = 0;
		};
		F51D639D24AC555C0096B2C9 /* Frameworks */ = {
			isa = PBXFrameworksBuildPhase;
			buildActionMask = 2147483647;
			files = (
			);
			runOnlyForDeploymentPostprocessing = 0;
		};
		F51D63A524AC555C0096B2C9 /* Frameworks */ = {
			isa = PBXFrameworksBuildPhase;
			buildActionMask = 2147483647;
			files = (
			);
			runOnlyForDeploymentPostprocessing = 0;
		};
		F51D63B024AC555C0096B2C9 /* Frameworks */ = {
			isa = PBXFrameworksBuildPhase;
			buildActionMask = 2147483647;
			files = (
			);
			runOnlyForDeploymentPostprocessing = 0;
		};
/* End PBXFrameworksBuildPhase section */

/* Begin PBXGroup section */
		F51D638B24AC555A0096B2C9 = {
			isa = PBXGroup;
			children = (
				F5DB02CB25C0D074005A4F3C /* ML Models */,
				F51D63CF24AC58770096B2C9 /* Resources */,
				F51D639024AC555A0096B2C9 /* Shared */,
				F51D639A24AC555C0096B2C9 /* iOS */,
				F51D63A124AC555C0096B2C9 /* macOS */,
				F51D63AB24AC555C0096B2C9 /* Tests iOS */,
				F51D63B624AC555C0096B2C9 /* Tests macOS */,
				F51D639924AC555C0096B2C9 /* Products */,
			);
			sourceTree = "<group>";
		};
		F51D639024AC555A0096B2C9 /* Shared */ = {
			isa = PBXGroup;
			children = (
				F5DB028F25BF645E005A4F3C /* Data Files */,
				F51D639124AC555B0096B2C9 /* PunchTheClownApp.swift */,
				F51D639224AC555B0096B2C9 /* ContentView.swift */,
				F51D639324AC555C0096B2C9 /* Assets.xcassets */,
				F5DB028325BF5D6C005A4F3C /* Views */,
				F5F17EF625BA59B100308573 /* ClownSoundPlayer.swift */,
				F5F17F0625BB792300308573 /* FortuneModel.swift */,
				F5F17F1425BF404600308573 /* ActiveSheet.swift */,
				F552F796253E371D0024089D /* FortuneTeller.swift */,
				F5F17F1B25BF43C900308573 /* PersonalityJudge.swift */,
				F5DB029B25BF7B4A005A4F3C /* StorageHelper.swift */,
			);
			path = Shared;
			sourceTree = "<group>";
		};
		F51D639924AC555C0096B2C9 /* Products */ = {
			isa = PBXGroup;
			children = (
				F51D639824AC555C0096B2C9 /* PunchTheClown.app */,
				F51D63A024AC555C0096B2C9 /* PunchTheClown.app */,
				F51D63A824AC555C0096B2C9 /* Tests iOS.xctest */,
				F51D63B324AC555C0096B2C9 /* Tests macOS.xctest */,
			);
			name = Products;
			sourceTree = "<group>";
		};
		F51D639A24AC555C0096B2C9 /* iOS */ = {
			isa = PBXGroup;
			children = (
				F51D639B24AC555C0096B2C9 /* Info.plist */,
			);
			path = iOS;
			sourceTree = "<group>";
		};
		F51D63A124AC555C0096B2C9 /* macOS */ = {
			isa = PBXGroup;
			children = (
				F51D63A224AC555C0096B2C9 /* Info.plist */,
				F51D63A324AC555C0096B2C9 /* macOS.entitlements */,
			);
			path = macOS;
			sourceTree = "<group>";
		};
		F51D63AB24AC555C0096B2C9 /* Tests iOS */ = {
			isa = PBXGroup;
			children = (
				F51D63AC24AC555C0096B2C9 /* Tests_iOS.swift */,
				F51D63AE24AC555C0096B2C9 /* Info.plist */,
			);
			path = "Tests iOS";
			sourceTree = "<group>";
		};
		F51D63B624AC555C0096B2C9 /* Tests macOS */ = {
			isa = PBXGroup;
			children = (
				F51D63B724AC555C0096B2C9 /* Tests_macOS.swift */,
				F51D63B924AC555C0096B2C9 /* Info.plist */,
			);
			path = "Tests macOS";
			sourceTree = "<group>";
		};
		F51D63CF24AC58770096B2C9 /* Resources */ = {
			isa = PBXGroup;
			children = (
				F552F81625409F1F0024089D /* chimes.m4a */,
				F531295D24B2509B0027FEE5 /* launch2.png */,
				F531295924AFB6E70027FEE5 /* Background.png */,
				F531295624AD77590027FEE5 /* groan1.m4a */,
				F531295524AD77590027FEE5 /* groan2.m4a */,
				F531295324AD76960027FEE5 /* groan3.m4a */,
				F51D63D024AC589E0096B2C9 /* punch.wav */,
				F51D63D224AC589E0096B2C9 /* punch1.wav */,
				F51D63D124AC589E0096B2C9 /* punch2.wav */,
				F51D63D824AC58B80096B2C9 /* circus.wav */,
				F51D63D724AC58B80096B2C9 /* groan1.wav */,
				F51D63D624AC58B80096B2C9 /* groan2.wav */,
			);
			path = Resources;
			sourceTree = "<group>";
		};
		F5DB028325BF5D6C005A4F3C /* Views */ = {
			isa = PBXGroup;
			children = (
				F50B9F42252D420700C7E424 /* FortuneView.swift */,
				F5F17F0D25BF388500308573 /* PersonalityView.swift */,
				F5DB028825BF5D7D005A4F3C /* SettingsView.swift */,
			);
			path = Views;
			sourceTree = "<group>";
		};
		F5DB028F25BF645E005A4F3C /* Data Files */ = {
			isa = PBXGroup;
			children = (
				F552F80B253E46D80024089D /* fortunes.plist */,
				F5DB029025BF648F005A4F3C /* personalities.plist */,
			);
			path = "Data Files";
			sourceTree = "<group>";
		};
		F5DB02CB25C0D074005A4F3C /* ML Models */ = {
			isa = PBXGroup;
			children = (
				F5F17F3125BF4A4300308573 /* AGR.mlmodel */,
				F5F17F2F25BF4A4300308573 /* CON.mlmodel */,
				F5F17F2E25BF4A4300308573 /* EXT.mlmodel */,
				F5F17F3025BF4A4300308573 /* NEU.mlmodel */,
				F5F17F2D25BF4A4300308573 /* OPN.mlmodel */,
			);
			path = "ML Models";
			sourceTree = "<group>";
		};
/* End PBXGroup section */

/* Begin PBXNativeTarget section */
		F51D639724AC555C0096B2C9 /* iOS */ = {
			isa = PBXNativeTarget;
			buildConfigurationList = F51D63C224AC555C0096B2C9 /* Build configuration list for PBXNativeTarget "iOS" */;
			buildPhases = (
				F51D639424AC555C0096B2C9 /* Sources */,
				F51D639524AC555C0096B2C9 /* Frameworks */,
				F51D639624AC555C0096B2C9 /* Resources */,
			);
			buildRules = (
			);
			dependencies = (
			);
			name = iOS;
			productName = iOS;
			productReference = F51D639824AC555C0096B2C9 /* PunchTheClown.app */;
			productType = "com.apple.product-type.application";
		};
		F51D639F24AC555C0096B2C9 /* macOS */ = {
			isa = PBXNativeTarget;
			buildConfigurationList = F51D63C524AC555C0096B2C9 /* Build configuration list for PBXNativeTarget "macOS" */;
			buildPhases = (
				F51D639C24AC555C0096B2C9 /* Sources */,
				F51D639D24AC555C0096B2C9 /* Frameworks */,
				F51D639E24AC555C0096B2C9 /* Resources */,
			);
			buildRules = (
			);
			dependencies = (
			);
			name = macOS;
			productName = macOS;
			productReference = F51D63A024AC555C0096B2C9 /* PunchTheClown.app */;
			productType = "com.apple.product-type.application";
		};
		F51D63A724AC555C0096B2C9 /* Tests iOS */ = {
			isa = PBXNativeTarget;
			buildConfigurationList = F51D63C824AC555C0096B2C9 /* Build configuration list for PBXNativeTarget "Tests iOS" */;
			buildPhases = (
				F51D63A424AC555C0096B2C9 /* Sources */,
				F51D63A524AC555C0096B2C9 /* Frameworks */,
				F51D63A624AC555C0096B2C9 /* Resources */,
			);
			buildRules = (
			);
			dependencies = (
				F51D63AA24AC555C0096B2C9 /* PBXTargetDependency */,
			);
			name = "Tests iOS";
			productName = "Tests iOS";
			productReference = F51D63A824AC555C0096B2C9 /* Tests iOS.xctest */;
			productType = "com.apple.product-type.bundle.ui-testing";
		};
		F51D63B224AC555C0096B2C9 /* Tests macOS */ = {
			isa = PBXNativeTarget;
			buildConfigurationList = F51D63CB24AC555C0096B2C9 /* Build configuration list for PBXNativeTarget "Tests macOS" */;
			buildPhases = (
				F51D63AF24AC555C0096B2C9 /* Sources */,
				F51D63B024AC555C0096B2C9 /* Frameworks */,
				F51D63B124AC555C0096B2C9 /* Resources */,
			);
			buildRules = (
			);
			dependencies = (
				F51D63B524AC555C0096B2C9 /* PBXTargetDependency */,
			);
			name = "Tests macOS";
			productName = "Tests macOS";
			productReference = F51D63B324AC555C0096B2C9 /* Tests macOS.xctest */;
			productType = "com.apple.product-type.bundle.ui-testing";
		};
/* End PBXNativeTarget section */

/* Begin PBXProject section */
		F51D638C24AC555A0096B2C9 /* Project object */ = {
			isa = PBXProject;
			attributes = {
				LastSwiftUpdateCheck = 1200;
				LastUpgradeCheck = 1200;
				TargetAttributes = {
					F51D639724AC555C0096B2C9 = {
						CreatedOnToolsVersion = 12.0;
					};
					F51D639F24AC555C0096B2C9 = {
						CreatedOnToolsVersion = 12.0;
					};
					F51D63A724AC555C0096B2C9 = {
						CreatedOnToolsVersion = 12.0;
						TestTargetID = F51D639724AC555C0096B2C9;
					};
					F51D63B224AC555C0096B2C9 = {
						CreatedOnToolsVersion = 12.0;
						TestTargetID = F51D639F24AC555C0096B2C9;
					};
				};
			};
			buildConfigurationList = F51D638F24AC555A0096B2C9 /* Build configuration list for PBXProject "PunchTheClown" */;
			compatibilityVersion = "Xcode 9.3";
			developmentRegion = en;
			hasScannedForEncodings = 0;
			knownRegions = (
				en,
				Base,
			);
			mainGroup = F51D638B24AC555A0096B2C9;
			productRefGroup = F51D639924AC555C0096B2C9 /* Products */;
			projectDirPath = "";
			projectRoot = "";
			targets = (
				F51D639724AC555C0096B2C9 /* iOS */,
				F51D639F24AC555C0096B2C9 /* macOS */,
				F51D63A724AC555C0096B2C9 /* Tests iOS */,
				F51D63B224AC555C0096B2C9 /* Tests macOS */,
			);
		};
/* End PBXProject section */

/* Begin PBXResourcesBuildPhase section */
		F51D639624AC555C0096B2C9 /* Resources */ = {
			isa = PBXResourcesBuildPhase;
			buildActionMask = 2147483647;
			files = (
				F51D63D424AC589E0096B2C9 /* punch2.wav in Resources */,
				F552F81725409F1F0024089D /* chimes.m4a in Resources */,
				F552F80C253E46D80024089D /* fortunes.plist in Resources */,
				F531295A24AFB6E70027FEE5 /* Background.png in Resources */,
				F51D63D524AC589E0096B2C9 /* punch1.wav in Resources */,
				F51D63BE24AC555C0096B2C9 /* Assets.xcassets in Resources */,
				F51D63D324AC589E0096B2C9 /* punch.wav in Resources */,
				F531295824AD77590027FEE5 /* groan1.m4a in Resources */,
				F531295724AD77590027FEE5 /* groan2.m4a in Resources */,
				F531295E24B2509B0027FEE5 /* launch2.png in Resources */,
				F531295424AD76960027FEE5 /* groan3.m4a in Resources */,
				F51D63DA24AC58B80096B2C9 /* groan1.wav in Resources */,
				F51D63DB24AC58B80096B2C9 /* circus.wav in Resources */,
				F51D63D924AC58B80096B2C9 /* groan2.wav in Resources */,
				F5DB029125BF648F005A4F3C /* personalities.plist in Resources */,
			);
			runOnlyForDeploymentPostprocessing = 0;
		};
		F51D639E24AC555C0096B2C9 /* Resources */ = {
			isa = PBXResourcesBuildPhase;
			buildActionMask = 2147483647;
			files = (
				F552F80D253E46D80024089D /* fortunes.plist in Resources */,
				F5DB029225BF648F005A4F3C /* personalities.plist in Resources */,
				F552F81825409F1F0024089D /* chimes.m4a in Resources */,
				F51D63BF24AC555C0096B2C9 /* Assets.xcassets in Resources */,
			);
			runOnlyForDeploymentPostprocessing = 0;
		};
		F51D63A624AC555C0096B2C9 /* Resources */ = {
			isa = PBXResourcesBuildPhase;
			buildActionMask = 2147483647;
			files = (
			);
			runOnlyForDeploymentPostprocessing = 0;
		};
		F51D63B124AC555C0096B2C9 /* Resources */ = {
			isa = PBXResourcesBuildPhase;
			buildActionMask = 2147483647;
			files = (
			);
			runOnlyForDeploymentPostprocessing = 0;
		};
/* End PBXResourcesBuildPhase section */

/* Begin PBXSourcesBuildPhase section */
		F51D639424AC555C0096B2C9 /* Sources */ = {
			isa = PBXSourcesBuildPhase;
			buildActionMask = 2147483647;
			files = (
				F5DB028925BF5D7D005A4F3C /* SettingsView.swift in Sources */,
				F5F17F3225BF4A4300308573 /* OPN.mlmodel in Sources */,
				F5F17F3325BF4A4300308573 /* EXT.mlmodel in Sources */,
				F5DB029C25BF7B4A005A4F3C /* StorageHelper.swift in Sources */,
				F5F17F3425BF4A4300308573 /* CON.mlmodel in Sources */,
				F5F17F3525BF4A4300308573 /* NEU.mlmodel in Sources */,
				F5F17F3625BF4A4300308573 /* AGR.mlmodel in Sources */,
				F5F17F0E25BF388600308573 /* PersonalityView.swift in Sources */,
				F5F17F1525BF404600308573 /* ActiveSheet.swift in Sources */,
				F5F17EF725BA59B100308573 /* ClownSoundPlayer.swift in Sources */,
				F50B9F43252D420700C7E424 /* FortuneView.swift in Sources */,
				F552F797253E371D0024089D /* FortuneTeller.swift in Sources */,
				F5F17F0725BB792300308573 /* FortuneModel.swift in Sources */,
				F51D63BC24AC555C0096B2C9 /* ContentView.swift in Sources */,
				F5F17F1C25BF43C900308573 /* PersonalityJudge.swift in Sources */,
				F51D63BA24AC555C0096B2C9 /* PunchTheClownApp.swift in Sources */,
			);
			runOnlyForDeploymentPostprocessing = 0;
		};
		F51D639C24AC555C0096B2C9 /* Sources */ = {
			isa = PBXSourcesBuildPhase;
			buildActionMask = 2147483647;
			files = (
				F5F17F0F25BF388600308573 /* PersonalityView.swift in Sources */,
				F5F17F1625BF404600308573 /* ActiveSheet.swift in Sources */,
				F5F17EF825BA59B100308573 /* ClownSoundPlayer.swift in Sources */,
				F50B9F44252D420700C7E424 /* FortuneView.swift in Sources */,
				F552F798253E371D0024089D /* FortuneTeller.swift in Sources */,
				F5DB029D25BF7B4A005A4F3C /* StorageHelper.swift in Sources */,
				F5DB028A25BF5D7D005A4F3C /* SettingsView.swift in Sources */,
				F5F17F0825BB792300308573 /* FortuneModel.swift in Sources */,
				F51D63BD24AC555C0096B2C9 /* ContentView.swift in Sources */,
				F5F17F1D25BF43C900308573 /* PersonalityJudge.swift in Sources */,
				F51D63BB24AC555C0096B2C9 /* PunchTheClownApp.swift in Sources */,
			);
			runOnlyForDeploymentPostprocessing = 0;
		};
		F51D63A424AC555C0096B2C9 /* Sources */ = {
			isa = PBXSourcesBuildPhase;
			buildActionMask = 2147483647;
			files = (
				F51D63AD24AC555C0096B2C9 /* Tests_iOS.swift in Sources */,
			);
			runOnlyForDeploymentPostprocessing = 0;
		};
		F51D63AF24AC555C0096B2C9 /* Sources */ = {
			isa = PBXSourcesBuildPhase;
			buildActionMask = 2147483647;
			files = (
				F51D63B824AC555C0096B2C9 /* Tests_macOS.swift in Sources */,
			);
			runOnlyForDeploymentPostprocessing = 0;
		};
/* End PBXSourcesBuildPhase section */

/* Begin PBXTargetDependency section */
		F51D63AA24AC555C0096B2C9 /* PBXTargetDependency */ = {
			isa = PBXTargetDependency;
			target = F51D639724AC555C0096B2C9 /* iOS */;
			targetProxy = F51D63A924AC555C0096B2C9 /* PBXContainerItemProxy */;
		};
		F51D63B524AC555C0096B2C9 /* PBXTargetDependency */ = {
			isa = PBXTargetDependency;
			target = F51D639F24AC555C0096B2C9 /* macOS */;
			targetProxy = F51D63B424AC555C0096B2C9 /* PBXContainerItemProxy */;
		};
/* End PBXTargetDependency section */

/* Begin XCBuildConfiguration section */
		F51D63C024AC555C0096B2C9 /* Debug */ = {
			isa = XCBuildConfiguration;
			buildSettings = {
				ALWAYS_SEARCH_USER_PATHS = NO;
				CLANG_ANALYZER_NONNULL = YES;
				CLANG_ANALYZER_NUMBER_OBJECT_CONVERSION = YES_AGGRESSIVE;
				CLANG_CXX_LANGUAGE_STANDARD = "gnu++14";
				CLANG_CXX_LIBRARY = "libc++";
				CLANG_ENABLE_MODULES = YES;
				CLANG_ENABLE_OBJC_ARC = YES;
				CLANG_ENABLE_OBJC_WEAK = YES;
				CLANG_WARN_BLOCK_CAPTURE_AUTORELEASING = YES;
				CLANG_WARN_BOOL_CONVERSION = YES;
				CLANG_WARN_COMMA = YES;
				CLANG_WARN_CONSTANT_CONVERSION = YES;
				CLANG_WARN_DEPRECATED_OBJC_IMPLEMENTATIONS = YES;
				CLANG_WARN_DIRECT_OBJC_ISA_USAGE = YES_ERROR;
				CLANG_WARN_DOCUMENTATION_COMMENTS = YES;
				CLANG_WARN_EMPTY_BODY = YES;
				CLANG_WARN_ENUM_CONVERSION = YES;
				CLANG_WARN_INFINITE_RECURSION = YES;
				CLANG_WARN_INT_CONVERSION = YES;
				CLANG_WARN_NON_LITERAL_NULL_CONVERSION = YES;
				CLANG_WARN_OBJC_IMPLICIT_RETAIN_SELF = YES;
				CLANG_WARN_OBJC_LITERAL_CONVERSION = YES;
				CLANG_WARN_OBJC_ROOT_CLASS = YES_ERROR;
				CLANG_WARN_QUOTED_INCLUDE_IN_FRAMEWORK_HEADER = YES;
				CLANG_WARN_RANGE_LOOP_ANALYSIS = YES;
				CLANG_WARN_STRICT_PROTOTYPES = YES;
				CLANG_WARN_SUSPICIOUS_MOVE = YES;
				CLANG_WARN_UNGUARDED_AVAILABILITY = YES_AGGRESSIVE;
				CLANG_WARN_UNREACHABLE_CODE = YES;
				CLANG_WARN__DUPLICATE_METHOD_MATCH = YES;
				COPY_PHASE_STRIP = NO;
				DEBUG_INFORMATION_FORMAT = dwarf;
				ENABLE_STRICT_OBJC_MSGSEND = YES;
				ENABLE_TESTABILITY = YES;
				GCC_C_LANGUAGE_STANDARD = gnu11;
				GCC_DYNAMIC_NO_PIC = NO;
				GCC_NO_COMMON_BLOCKS = YES;
				GCC_OPTIMIZATION_LEVEL = 0;
				GCC_PREPROCESSOR_DEFINITIONS = (
					"DEBUG=1",
					"$(inherited)",
				);
				GCC_WARN_64_TO_32_BIT_CONVERSION = YES;
				GCC_WARN_ABOUT_RETURN_TYPE = YES_ERROR;
				GCC_WARN_UNDECLARED_SELECTOR = YES;
				GCC_WARN_UNINITIALIZED_AUTOS = YES_AGGRESSIVE;
				GCC_WARN_UNUSED_FUNCTION = YES;
				GCC_WARN_UNUSED_VARIABLE = YES;
				MTL_ENABLE_DEBUG_INFO = INCLUDE_SOURCE;
				MTL_FAST_MATH = YES;
				ONLY_ACTIVE_ARCH = YES;
				SWIFT_ACTIVE_COMPILATION_CONDITIONS = DEBUG;
				SWIFT_OPTIMIZATION_LEVEL = "-Onone";
			};
			name = Debug;
		};
		F51D63C124AC555C0096B2C9 /* Release */ = {
			isa = XCBuildConfiguration;
			buildSettings = {
				ALWAYS_SEARCH_USER_PATHS = NO;
				CLANG_ANALYZER_NONNULL = YES;
				CLANG_ANALYZER_NUMBER_OBJECT_CONVERSION = YES_AGGRESSIVE;
				CLANG_CXX_LANGUAGE_STANDARD = "gnu++14";
				CLANG_CXX_LIBRARY = "libc++";
				CLANG_ENABLE_MODULES = YES;
				CLANG_ENABLE_OBJC_ARC = YES;
				CLANG_ENABLE_OBJC_WEAK = YES;
				CLANG_WARN_BLOCK_CAPTURE_AUTORELEASING = YES;
				CLANG_WARN_BOOL_CONVERSION = YES;
				CLANG_WARN_COMMA = YES;
				CLANG_WARN_CONSTANT_CONVERSION = YES;
				CLANG_WARN_DEPRECATED_OBJC_IMPLEMENTATIONS = YES;
				CLANG_WARN_DIRECT_OBJC_ISA_USAGE = YES_ERROR;
				CLANG_WARN_DOCUMENTATION_COMMENTS = YES;
				CLANG_WARN_EMPTY_BODY = YES;
				CLANG_WARN_ENUM_CONVERSION = YES;
				CLANG_WARN_INFINITE_RECURSION = YES;
				CLANG_WARN_INT_CONVERSION = YES;
				CLANG_WARN_NON_LITERAL_NULL_CONVERSION = YES;
				CLANG_WARN_OBJC_IMPLICIT_RETAIN_SELF = YES;
				CLANG_WARN_OBJC_LITERAL_CONVERSION = YES;
				CLANG_WARN_OBJC_ROOT_CLASS = YES_ERROR;
				CLANG_WARN_QUOTED_INCLUDE_IN_FRAMEWORK_HEADER = YES;
				CLANG_WARN_RANGE_LOOP_ANALYSIS = YES;
				CLANG_WARN_STRICT_PROTOTYPES = YES;
				CLANG_WARN_SUSPICIOUS_MOVE = YES;
				CLANG_WARN_UNGUARDED_AVAILABILITY = YES_AGGRESSIVE;
				CLANG_WARN_UNREACHABLE_CODE = YES;
				CLANG_WARN__DUPLICATE_METHOD_MATCH = YES;
				COPY_PHASE_STRIP = NO;
				DEBUG_INFORMATION_FORMAT = "dwarf-with-dsym";
				ENABLE_NS_ASSERTIONS = NO;
				ENABLE_STRICT_OBJC_MSGSEND = YES;
				GCC_C_LANGUAGE_STANDARD = gnu11;
				GCC_NO_COMMON_BLOCKS = YES;
				GCC_WARN_64_TO_32_BIT_CONVERSION = YES;
				GCC_WARN_ABOUT_RETURN_TYPE = YES_ERROR;
				GCC_WARN_UNDECLARED_SELECTOR = YES;
				GCC_WARN_UNINITIALIZED_AUTOS = YES_AGGRESSIVE;
				GCC_WARN_UNUSED_FUNCTION = YES;
				GCC_WARN_UNUSED_VARIABLE = YES;
				MTL_ENABLE_DEBUG_INFO = NO;
				MTL_FAST_MATH = YES;
				SWIFT_COMPILATION_MODE = wholemodule;
				SWIFT_OPTIMIZATION_LEVEL = "-O";
			};
			name = Release;
		};
		F51D63C324AC555C0096B2C9 /* Debug */ = {
			isa = XCBuildConfiguration;
			buildSettings = {
				ASSETCATALOG_COMPILER_APPICON_NAME = AppIcon;
				ASSETCATALOG_COMPILER_GLOBAL_ACCENT_COLOR_NAME = AccentColor;
				CODE_SIGN_IDENTITY = "Apple Development";
				CODE_SIGN_STYLE = Automatic;
				CURRENT_PROJECT_VERSION = 24;
				DEVELOPMENT_TEAM = 93ZKW6BQ3Z;
				ENABLE_PREVIEWS = YES;
				INFOPLIST_FILE = iOS/Info.plist;
				IPHONEOS_DEPLOYMENT_TARGET = 14.0;
				LD_RUNPATH_SEARCH_PATHS = (
					"$(inherited)",
					"@executable_path/Frameworks",
				);
				MARKETING_VERSION = 2.1;
				PRODUCT_BUNDLE_IDENTIFIER = com.mobileotis.PunchClown;
				PRODUCT_NAME = PunchTheClown;
				PROVISIONING_PROFILE_SPECIFIER = "";
				SDKROOT = iphoneos;
				SWIFT_VERSION = 5.0;
				TARGETED_DEVICE_FAMILY = 1;
			};
			name = Debug;
		};
		F51D63C424AC555C0096B2C9 /* Release */ = {
			isa = XCBuildConfiguration;
			buildSettings = {
				ASSETCATALOG_COMPILER_APPICON_NAME = AppIcon;
				ASSETCATALOG_COMPILER_GLOBAL_ACCENT_COLOR_NAME = AccentColor;
				CODE_SIGN_IDENTITY = "iPhone Distribution";
				CODE_SIGN_STYLE = Manual;
				CURRENT_PROJECT_VERSION = 24;
				DEVELOPMENT_TEAM = 93ZKW6BQ3Z;
				ENABLE_PREVIEWS = YES;
				INFOPLIST_FILE = iOS/Info.plist;
				IPHONEOS_DEPLOYMENT_TARGET = 14.0;
				LD_RUNPATH_SEARCH_PATHS = (
					"$(inherited)",
					"@executable_path/Frameworks",
				);
				MARKETING_VERSION = 2.1;
				PRODUCT_BUNDLE_IDENTIFIER = com.mobileotis.PunchClown;
				PRODUCT_NAME = PunchTheClown;
				PROVISIONING_PROFILE_SPECIFIER = "PunchClown Wildcard App Store Profile";
				SDKROOT = iphoneos;
				SWIFT_VERSION = 5.0;
				TARGETED_DEVICE_FAMILY = 1;
				VALIDATE_PRODUCT = YES;
			};
			name = Release;
		};
		F51D63C624AC555C0096B2C9 /* Debug */ = {
			isa = XCBuildConfiguration;
			buildSettings = {
				ASSETCATALOG_COMPILER_APPICON_NAME = AppIcon;
				ASSETCATALOG_COMPILER_GLOBAL_ACCENT_COLOR_NAME = AccentColor;
				CODE_SIGN_ENTITLEMENTS = macOS/macOS.entitlements;
				CODE_SIGN_STYLE = Automatic;
				COMBINE_HIDPI_IMAGES = YES;
				DEVELOPMENT_TEAM = 93ZKW6BQ3Z;
				ENABLE_HARDENED_RUNTIME = YES;
				ENABLE_PREVIEWS = YES;
				INFOPLIST_FILE = macOS/Info.plist;
				LD_RUNPATH_SEARCH_PATHS = (
					"$(inherited)",
					"@executable_path/../Frameworks",
				);
				MACOSX_DEPLOYMENT_TARGET = 10.16;
				PRODUCT_BUNDLE_IDENTIFIER = com.mobileotis.PunchTheClown;
				PRODUCT_NAME = PunchTheClown;
				SDKROOT = macosx;
				SWIFT_VERSION = 5.0;
			};
			name = Debug;
		};
		F51D63C724AC555C0096B2C9 /* Release */ = {
			isa = XCBuildConfiguration;
			buildSettings = {
				ASSETCATALOG_COMPILER_APPICON_NAME = AppIcon;
				ASSETCATALOG_COMPILER_GLOBAL_ACCENT_COLOR_NAME = AccentColor;
				CODE_SIGN_ENTITLEMENTS = macOS/macOS.entitlements;
				CODE_SIGN_STYLE = Automatic;
				COMBINE_HIDPI_IMAGES = YES;
				DEVELOPMENT_TEAM = 93ZKW6BQ3Z;
				ENABLE_HARDENED_RUNTIME = YES;
				ENABLE_PREVIEWS = YES;
				INFOPLIST_FILE = macOS/Info.plist;
				LD_RUNPATH_SEARCH_PATHS = (
					"$(inherited)",
					"@executable_path/../Frameworks",
				);
				MACOSX_DEPLOYMENT_TARGET = 10.16;
				PRODUCT_BUNDLE_IDENTIFIER = com.mobileotis.PunchTheClown;
				PRODUCT_NAME = PunchTheClown;
				SDKROOT = macosx;
				SWIFT_VERSION = 5.0;
			};
			name = Release;
		};
		F51D63C924AC555C0096B2C9 /* Debug */ = {
			isa = XCBuildConfiguration;
			buildSettings = {
				ALWAYS_EMBED_SWIFT_STANDARD_LIBRARIES = YES;
				CODE_SIGN_STYLE = Automatic;
				DEVELOPMENT_TEAM = 93ZKW6BQ3Z;
				INFOPLIST_FILE = "Tests iOS/Info.plist";
				IPHONEOS_DEPLOYMENT_TARGET = 14.0;
				LD_RUNPATH_SEARCH_PATHS = (
					"$(inherited)",
					"@executable_path/Frameworks",
					"@loader_path/Frameworks",
				);
				PRODUCT_BUNDLE_IDENTIFIER = "com.mobileotis.Tests-iOS";
				PRODUCT_NAME = "$(TARGET_NAME)";
				SDKROOT = iphoneos;
				SWIFT_VERSION = 5.0;
				TARGETED_DEVICE_FAMILY = "1,2";
				TEST_TARGET_NAME = iOS;
			};
			name = Debug;
		};
		F51D63CA24AC555C0096B2C9 /* Release */ = {
			isa = XCBuildConfiguration;
			buildSettings = {
				ALWAYS_EMBED_SWIFT_STANDARD_LIBRARIES = YES;
				CODE_SIGN_STYLE = Automatic;
				DEVELOPMENT_TEAM = 93ZKW6BQ3Z;
				INFOPLIST_FILE = "Tests iOS/Info.plist";
				IPHONEOS_DEPLOYMENT_TARGET = 14.0;
				LD_RUNPATH_SEARCH_PATHS = (
					"$(inherited)",
					"@executable_path/Frameworks",
					"@loader_path/Frameworks",
				);
				PRODUCT_BUNDLE_IDENTIFIER = "com.mobileotis.Tests-iOS";
				PRODUCT_NAME = "$(TARGET_NAME)";
				SDKROOT = iphoneos;
				SWIFT_VERSION = 5.0;
				TARGETED_DEVICE_FAMILY = "1,2";
				TEST_TARGET_NAME = iOS;
				VALIDATE_PRODUCT = YES;
			};
			name = Release;
		};
		F51D63CC24AC555C0096B2C9 /* Debug */ = {
			isa = XCBuildConfiguration;
			buildSettings = {
				ALWAYS_EMBED_SWIFT_STANDARD_LIBRARIES = YES;
				CODE_SIGN_STYLE = Automatic;
				COMBINE_HIDPI_IMAGES = YES;
				DEVELOPMENT_TEAM = 93ZKW6BQ3Z;
				INFOPLIST_FILE = "Tests macOS/Info.plist";
				LD_RUNPATH_SEARCH_PATHS = (
					"$(inherited)",
					"@executable_path/../Frameworks",
					"@loader_path/../Frameworks",
				);
				MACOSX_DEPLOYMENT_TARGET = 10.15;
				PRODUCT_BUNDLE_IDENTIFIER = "com.mobileotis.Tests-macOS";
				PRODUCT_NAME = "$(TARGET_NAME)";
				SDKROOT = macosx;
				SWIFT_VERSION = 5.0;
				TEST_TARGET_NAME = macOS;
			};
			name = Debug;
		};
		F51D63CD24AC555C0096B2C9 /* Release */ = {
			isa = XCBuildConfiguration;
			buildSettings = {
				ALWAYS_EMBED_SWIFT_STANDARD_LIBRARIES = YES;
				CODE_SIGN_STYLE = Automatic;
				COMBINE_HIDPI_IMAGES = YES;
				DEVELOPMENT_TEAM = 93ZKW6BQ3Z;
				INFOPLIST_FILE = "Tests macOS/Info.plist";
				LD_RUNPATH_SEARCH_PATHS = (
					"$(inherited)",
					"@executable_path/../Frameworks",
					"@loader_path/../Frameworks",
				);
				MACOSX_DEPLOYMENT_TARGET = 10.15;
				PRODUCT_BUNDLE_IDENTIFIER = "com.mobileotis.Tests-macOS";
				PRODUCT_NAME = "$(TARGET_NAME)";
				SDKROOT = macosx;
				SWIFT_VERSION = 5.0;
				TEST_TARGET_NAME = macOS;
			};
			name = Release;
		};
/* End XCBuildConfiguration section */

/* Begin XCConfigurationList section */
		F51D638F24AC555A0096B2C9 /* Build configuration list for PBXProject "PunchTheClown" */ = {
			isa = XCConfigurationList;
			buildConfigurations = (
				F51D63C024AC555C0096B2C9 /* Debug */,
				F51D63C124AC555C0096B2C9 /* Release */,
			);
			defaultConfigurationIsVisible = 0;
			defaultConfigurationName = Release;
		};
		F51D63C224AC555C0096B2C9 /* Build configuration list for PBXNativeTarget "iOS" */ = {
			isa = XCConfigurationList;
			buildConfigurations = (
				F51D63C324AC555C0096B2C9 /* Debug */,
				F51D63C424AC555C0096B2C9 /* Release */,
			);
			defaultConfigurationIsVisible = 0;
			defaultConfigurationName = Release;
		};
		F51D63C524AC555C0096B2C9 /* Build configuration list for PBXNativeTarget "macOS" */ = {
			isa = XCConfigurationList;
			buildConfigurations = (
				F51D63C624AC555C0096B2C9 /* Debug */,
				F51D63C724AC555C0096B2C9 /* Release */,
			);
			defaultConfigurationIsVisible = 0;
			defaultConfigurationName = Release;
		};
		F51D63C824AC555C0096B2C9 /* Build configuration list for PBXNativeTarget "Tests iOS" */ = {
			isa = XCConfigurationList;
			buildConfigurations = (
				F51D63C924AC555C0096B2C9 /* Debug */,
				F51D63CA24AC555C0096B2C9 /* Release */,
			);
			defaultConfigurationIsVisible = 0;
			defaultConfigurationName = Release;
		};
		F51D63CB24AC555C0096B2C9 /* Build configuration list for PBXNativeTarget "Tests macOS" */ = {
			isa = XCConfigurationList;
			buildConfigurations = (
				F51D63CC24AC555C0096B2C9 /* Debug */,
				F51D63CD24AC555C0096B2C9 /* Release */,
			);
			defaultConfigurationIsVisible = 0;
			defaultConfigurationName = Release;
		};
/* End XCConfigurationList section */
	};
	rootObject = F51D638C24AC555A0096B2C9 /* Project object */;
}
